// !$*UTF8*$!
{
	archiveVersion = 1;
	classes = {
	};
	objectVersion = 50;
	objects = {

/* Begin PBXBuildFile section */
		429DCE021F0A24AFF19D8EA9 /* Pods_teatime_listsTests.framework in Frameworks */ = {isa = PBXBuildFile; fileRef = A087FD5A09F6733E01735EC3 /* Pods_teatime_listsTests.framework */; };
		59D89198BF5E73A63622BC1E /* Pods_teatime_lists.framework in Frameworks */ = {isa = PBXBuildFile; fileRef = B434D017F16AB9F7A017E44F /* Pods_teatime_lists.framework */; };
		F011DE6A215019840058DEDE /* Friend.swift in Sources */ = {isa = PBXBuildFile; fileRef = F011DE69215019840058DEDE /* Friend.swift */; };
		F011DE6D215023590058DEDE /* Main.storyboard in Resources */ = {isa = PBXBuildFile; fileRef = F011DE6C215023590058DEDE /* Main.storyboard */; };
		F011DE6F2150236A0058DEDE /* MainViewController.swift in Sources */ = {isa = PBXBuildFile; fileRef = F011DE6E2150236A0058DEDE /* MainViewController.swift */; };
		F011DE7121507D790058DEDE /* Account.swift in Sources */ = {isa = PBXBuildFile; fileRef = F011DE7021507D790058DEDE /* Account.swift */; };
		F013C939214C86B5001F1179 /* LandingViewController.swift in Sources */ = {isa = PBXBuildFile; fileRef = F013C938214C86B5001F1179 /* LandingViewController.swift */; };
		F013C93B214C86DC001F1179 /* Landing.storyboard in Resources */ = {isa = PBXBuildFile; fileRef = F013C93A214C86DC001F1179 /* Landing.storyboard */; };
		F013C93E214C873B001F1179 /* Login.storyboard in Resources */ = {isa = PBXBuildFile; fileRef = F013C93D214C873B001F1179 /* Login.storyboard */; };
		F013C940214C8747001F1179 /* LoginViewController.swift in Sources */ = {isa = PBXBuildFile; fileRef = F013C93F214C8747001F1179 /* LoginViewController.swift */; };
		F013C942214C8A46001F1179 /* AuthenticationService.swift in Sources */ = {isa = PBXBuildFile; fileRef = F013C941214C8A46001F1179 /* AuthenticationService.swift */; };
		F013C944214C8B12001F1179 /* Constants.swift in Sources */ = {isa = PBXBuildFile; fileRef = F013C943214C8B12001F1179 /* Constants.swift */; };
		F013C946214C8F50001F1179 /* UIWindow+TopVC.swift in Sources */ = {isa = PBXBuildFile; fileRef = F013C945214C8F50001F1179 /* UIWindow+TopVC.swift */; };
		F013C949214C95EF001F1179 /* FacebookError.swift in Sources */ = {isa = PBXBuildFile; fileRef = F013C948214C95EF001F1179 /* FacebookError.swift */; };
		F013C94B214C970A001F1179 /* ErrorHandler.swift in Sources */ = {isa = PBXBuildFile; fileRef = F013C94A214C970A001F1179 /* ErrorHandler.swift */; };
		F013C94D214C9A8A001F1179 /* UIViewController+Presenter.swift in Sources */ = {isa = PBXBuildFile; fileRef = F013C94C214C9A8A001F1179 /* UIViewController+Presenter.swift */; };
		F013C94F214C9B48001F1179 /* GraphService.swift in Sources */ = {isa = PBXBuildFile; fileRef = F013C94E214C9B48001F1179 /* GraphService.swift */; };
		F06142262153182B00087370 /* SearchBarView.swift in Sources */ = {isa = PBXBuildFile; fileRef = F06142252153182B00087370 /* SearchBarView.swift */; };
		F0614229215418C800087370 /* DrawerViewController.swift in Sources */ = {isa = PBXBuildFile; fileRef = F0614228215418C800087370 /* DrawerViewController.swift */; };
		F061422C2154273E00087370 /* ListBrowserViewController.swift in Sources */ = {isa = PBXBuildFile; fileRef = F061422A2154273E00087370 /* ListBrowserViewController.swift */; };
		F061422D2154273E00087370 /* ListBrowserViewController.xib in Resources */ = {isa = PBXBuildFile; fileRef = F061422B2154273E00087370 /* ListBrowserViewController.xib */; };
		F061422F21543E0E00087370 /* MainViewController+Drawer.swift in Sources */ = {isa = PBXBuildFile; fileRef = F061422E21543E0E00087370 /* MainViewController+Drawer.swift */; };
		F061423121543E4500087370 /* MainViewController+Map.swift in Sources */ = {isa = PBXBuildFile; fileRef = F061423021543E4400087370 /* MainViewController+Map.swift */; };
		F079717A21544D10007A0CA4 /* MainViewController+Search.swift in Sources */ = {isa = PBXBuildFile; fileRef = F079717921544D10007A0CA4 /* MainViewController+Search.swift */; };
		F079717C215471CD007A0CA4 /* DrawerViewController+State.swift in Sources */ = {isa = PBXBuildFile; fileRef = F079717B215471CD007A0CA4 /* DrawerViewController+State.swift */; };
		F079717E2154C37E007A0CA4 /* ListEditing.storyboard in Resources */ = {isa = PBXBuildFile; fileRef = F079717D2154C37E007A0CA4 /* ListEditing.storyboard */; };
		F07971802154C399007A0CA4 /* ListEditingViewController.swift in Sources */ = {isa = PBXBuildFile; fileRef = F079717F2154C399007A0CA4 /* ListEditingViewController.swift */; };
		F07971822154C819007A0CA4 /* FloatingButton.swift in Sources */ = {isa = PBXBuildFile; fileRef = F07971812154C819007A0CA4 /* FloatingButton.swift */; };
		F079718521557ED2007A0CA4 /* ListDetailsViewController.swift in Sources */ = {isa = PBXBuildFile; fileRef = F079718421557ED2007A0CA4 /* ListDetailsViewController.swift */; };
		F079718821557FB3007A0CA4 /* ListDetailsViewController+TableView.swift in Sources */ = {isa = PBXBuildFile; fileRef = F079718721557FB3007A0CA4 /* ListDetailsViewController+TableView.swift */; };
		F079718B21558151007A0CA4 /* ListInfoTableViewCell.swift in Sources */ = {isa = PBXBuildFile; fileRef = F079718921558151007A0CA4 /* ListInfoTableViewCell.swift */; };
		F079718C21558151007A0CA4 /* ListInfoTableViewCell.xib in Resources */ = {isa = PBXBuildFile; fileRef = F079718A21558151007A0CA4 /* ListInfoTableViewCell.xib */; };
		F079718F21558161007A0CA4 /* ListDescriptionTableViewCell.swift in Sources */ = {isa = PBXBuildFile; fileRef = F079718D21558161007A0CA4 /* ListDescriptionTableViewCell.swift */; };
		F079719021558161007A0CA4 /* ListDescriptionTableViewCell.xib in Resources */ = {isa = PBXBuildFile; fileRef = F079718E21558161007A0CA4 /* ListDescriptionTableViewCell.xib */; };
		F079719321558178007A0CA4 /* PlaceInfoTableViewCell.swift in Sources */ = {isa = PBXBuildFile; fileRef = F079719121558178007A0CA4 /* PlaceInfoTableViewCell.swift */; };
		F079719421558178007A0CA4 /* PlaceInfoTableViewCell.xib in Resources */ = {isa = PBXBuildFile; fileRef = F079719221558178007A0CA4 /* PlaceInfoTableViewCell.xib */; };
		F079719821558362007A0CA4 /* ListBrowserViewController+TableView.swift in Sources */ = {isa = PBXBuildFile; fileRef = F079719721558362007A0CA4 /* ListBrowserViewController+TableView.swift */; };
		F07971A021558AEF007A0CA4 /* UICollectionView+Reusable.swift in Sources */ = {isa = PBXBuildFile; fileRef = F079719B21558AEC007A0CA4 /* UICollectionView+Reusable.swift */; };
		F07971A121558AEF007A0CA4 /* NibOwnerLoadable.swift in Sources */ = {isa = PBXBuildFile; fileRef = F079719C21558AEC007A0CA4 /* NibOwnerLoadable.swift */; };
		F07971A221558AEF007A0CA4 /* Reusable.swift in Sources */ = {isa = PBXBuildFile; fileRef = F079719D21558AED007A0CA4 /* Reusable.swift */; };
		F07971A321558AEF007A0CA4 /* UITableView+Reusable.swift in Sources */ = {isa = PBXBuildFile; fileRef = F079719E21558AED007A0CA4 /* UITableView+Reusable.swift */; };
		F07971A421558AEF007A0CA4 /* NibLoadable.swift in Sources */ = {isa = PBXBuildFile; fileRef = F079719F21558AEE007A0CA4 /* NibLoadable.swift */; };
		F07971A621559D94007A0CA4 /* ActionButton.swift in Sources */ = {isa = PBXBuildFile; fileRef = F07971A521559D94007A0CA4 /* ActionButton.swift */; };
		F07971AA2155A9F2007A0CA4 /* PlaceInfoViewController.swift in Sources */ = {isa = PBXBuildFile; fileRef = F07971A82155A9F2007A0CA4 /* PlaceInfoViewController.swift */; };
		F07971AB2155A9F2007A0CA4 /* PlaceInfoViewController.xib in Resources */ = {isa = PBXBuildFile; fileRef = F07971A92155A9F2007A0CA4 /* PlaceInfoViewController.xib */; };
		F07971B02155AF51007A0CA4 /* PopoverViewController.swift in Sources */ = {isa = PBXBuildFile; fileRef = F07971AF2155AF51007A0CA4 /* PopoverViewController.swift */; };
		F07971B22155AFB1007A0CA4 /* PopoverViewController+State.swift in Sources */ = {isa = PBXBuildFile; fileRef = F07971B12155AFB1007A0CA4 /* PopoverViewController+State.swift */; };
		F07971B42155B2B7007A0CA4 /* MainViewController+Popover.swift in Sources */ = {isa = PBXBuildFile; fileRef = F07971B32155B2B7007A0CA4 /* MainViewController+Popover.swift */; };
		F07971B62155BBE2007A0CA4 /* PlaceMarker.swift in Sources */ = {isa = PBXBuildFile; fileRef = F07971B52155BBE2007A0CA4 /* PlaceMarker.swift */; };
		F07971B92155C6B3007A0CA4 /* PlaceIcon.swift in Sources */ = {isa = PBXBuildFile; fileRef = F07971B82155C6B3007A0CA4 /* PlaceIcon.swift */; };
		F09A7949214B265B0070CA93 /* AppDelegate.swift in Sources */ = {isa = PBXBuildFile; fileRef = F09A7948214B265B0070CA93 /* AppDelegate.swift */; };
		F09A7950214B265E0070CA93 /* Assets.xcassets in Resources */ = {isa = PBXBuildFile; fileRef = F09A794F214B265E0070CA93 /* Assets.xcassets */; };
		F09A7953214B265E0070CA93 /* LaunchScreen.storyboard in Resources */ = {isa = PBXBuildFile; fileRef = F09A7951214B265E0070CA93 /* LaunchScreen.storyboard */; };
		F09A795E214B265E0070CA93 /* teatime_listsTests.swift in Sources */ = {isa = PBXBuildFile; fileRef = F09A795D214B265E0070CA93 /* teatime_listsTests.swift */; };
		F09A7969214B38000070CA93 /* GoogleService-Info.plist in Resources */ = {isa = PBXBuildFile; fileRef = F09A7968214B38000070CA93 /* GoogleService-Info.plist */; };
		F09A7974214C23A50070CA93 /* DButton.swift in Sources */ = {isa = PBXBuildFile; fileRef = F09A7973214C23A50070CA93 /* DButton.swift */; };
		F09A7976214C23CB0070CA93 /* Routable.swift in Sources */ = {isa = PBXBuildFile; fileRef = F09A7975214C23CB0070CA93 /* Routable.swift */; };
		F09A7978214C23D60070CA93 /* Routes.swift in Sources */ = {isa = PBXBuildFile; fileRef = F09A7977214C23D50070CA93 /* Routes.swift */; };
		F09A797B214C24F30070CA93 /* UIColor+Manipulation.swift in Sources */ = {isa = PBXBuildFile; fileRef = F09A797A214C24F30070CA93 /* UIColor+Manipulation.swift */; };
		F09A797D214C25260070CA93 /* String+Localization.swift in Sources */ = {isa = PBXBuildFile; fileRef = F09A797C214C25250070CA93 /* String+Localization.swift */; };
		F09A797F214C25560070CA93 /* UIViewController+Child.swift in Sources */ = {isa = PBXBuildFile; fileRef = F09A797E214C25550070CA93 /* UIViewController+Child.swift */; };
		F09A7983214C25A10070CA93 /* InterfaceBuilder+Localization.swift in Sources */ = {isa = PBXBuildFile; fileRef = F09A7982214C25A10070CA93 /* InterfaceBuilder+Localization.swift */; };
		F09A7988214C269D0070CA93 /* Colors.xcassets in Resources */ = {isa = PBXBuildFile; fileRef = F09A7987214C269D0070CA93 /* Colors.xcassets */; };
		F09A798C214C27A10070CA93 /* Collection+Safety.swift in Sources */ = {isa = PBXBuildFile; fileRef = F09A798B214C27A10070CA93 /* Collection+Safety.swift */; };
		F09A7991214C28240070CA93 /* LocationCategory.swift in Sources */ = {isa = PBXBuildFile; fileRef = F09A798D214C28210070CA93 /* LocationCategory.swift */; };
		F09A7992214C28240070CA93 /* Location.swift in Sources */ = {isa = PBXBuildFile; fileRef = F09A798E214C28220070CA93 /* Location.swift */; };
		F09A7993214C28240070CA93 /* LocationResults.swift in Sources */ = {isa = PBXBuildFile; fileRef = F09A798F214C28230070CA93 /* LocationResults.swift */; };
		F09A7994214C28240070CA93 /* LocationCategoryIcon.swift in Sources */ = {isa = PBXBuildFile; fileRef = F09A7990214C28240070CA93 /* LocationCategoryIcon.swift */; };
		F09A7997214C28A00070CA93 /* Localizable.strings in Resources */ = {isa = PBXBuildFile; fileRef = F09A7996214C28A00070CA93 /* Localizable.strings */; };
		F09A7999214C29B30070CA93 /* UIView+Subviews.swift in Sources */ = {isa = PBXBuildFile; fileRef = F09A7998214C29B30070CA93 /* UIView+Subviews.swift */; };
		F0FA8DA42152EAA700E0A5F0 /* MapViewController.swift in Sources */ = {isa = PBXBuildFile; fileRef = F0FA8DA32152EAA700E0A5F0 /* MapViewController.swift */; };
		F0FA8DA62152ECC100E0A5F0 /* LocationService.swift in Sources */ = {isa = PBXBuildFile; fileRef = F0FA8DA52152ECC100E0A5F0 /* LocationService.swift */; };
		F0FA8DA92152FF4E00E0A5F0 /* UltraLight.json in Resources */ = {isa = PBXBuildFile; fileRef = F0FA8DA82152FF4E00E0A5F0 /* UltraLight.json */; };
		F0FA8DAF2153060F00E0A5F0 /* Poppins-Medium.ttf in Resources */ = {isa = PBXBuildFile; fileRef = F0FA8DAC2153060E00E0A5F0 /* Poppins-Medium.ttf */; };
		F0FA8DB02153060F00E0A5F0 /* Poppins-SemiBold.ttf in Resources */ = {isa = PBXBuildFile; fileRef = F0FA8DAD2153060F00E0A5F0 /* Poppins-SemiBold.ttf */; };
		F0FA8DB12153060F00E0A5F0 /* Poppins-Regular.ttf in Resources */ = {isa = PBXBuildFile; fileRef = F0FA8DAE2153060F00E0A5F0 /* Poppins-Regular.ttf */; };
		F0FA8DB3215306D800E0A5F0 /* UIFont+Custom.swift in Sources */ = {isa = PBXBuildFile; fileRef = F0FA8DB2215306D800E0A5F0 /* UIFont+Custom.swift */; };
/* End PBXBuildFile section */

/* Begin PBXContainerItemProxy section */
		F09A795A214B265E0070CA93 /* PBXContainerItemProxy */ = {
			isa = PBXContainerItemProxy;
			containerPortal = F09A793D214B265B0070CA93 /* Project object */;
			proxyType = 1;
			remoteGlobalIDString = F09A7944214B265B0070CA93;
			remoteInfo = "teatime-lists";
		};
/* End PBXContainerItemProxy section */

/* Begin PBXFileReference section */
		90A05B8076712DF5A5B08547 /* Pods-teatime-lists.release.xcconfig */ = {isa = PBXFileReference; includeInIndex = 1; lastKnownFileType = text.xcconfig; name = "Pods-teatime-lists.release.xcconfig"; path = "Pods/Target Support Files/Pods-teatime-lists/Pods-teatime-lists.release.xcconfig"; sourceTree = "<group>"; };
		9904919206C84B7B2CA98FC6 /* Pods-teatime-listsTests.debug.xcconfig */ = {isa = PBXFileReference; includeInIndex = 1; lastKnownFileType = text.xcconfig; name = "Pods-teatime-listsTests.debug.xcconfig"; path = "Pods/Target Support Files/Pods-teatime-listsTests/Pods-teatime-listsTests.debug.xcconfig"; sourceTree = "<group>"; };
		9FD3639087ACD85EA5A57C73 /* Pods-teatime-lists.debug.xcconfig */ = {isa = PBXFileReference; includeInIndex = 1; lastKnownFileType = text.xcconfig; name = "Pods-teatime-lists.debug.xcconfig"; path = "Pods/Target Support Files/Pods-teatime-lists/Pods-teatime-lists.debug.xcconfig"; sourceTree = "<group>"; };
		A087FD5A09F6733E01735EC3 /* Pods_teatime_listsTests.framework */ = {isa = PBXFileReference; explicitFileType = wrapper.framework; includeInIndex = 0; path = Pods_teatime_listsTests.framework; sourceTree = BUILT_PRODUCTS_DIR; };
		B434D017F16AB9F7A017E44F /* Pods_teatime_lists.framework */ = {isa = PBXFileReference; explicitFileType = wrapper.framework; includeInIndex = 0; path = Pods_teatime_lists.framework; sourceTree = BUILT_PRODUCTS_DIR; };
		B81D62ECF0DE3756B6369C7E /* Pods-teatime-listsTests.release.xcconfig */ = {isa = PBXFileReference; includeInIndex = 1; lastKnownFileType = text.xcconfig; name = "Pods-teatime-listsTests.release.xcconfig"; path = "Pods/Target Support Files/Pods-teatime-listsTests/Pods-teatime-listsTests.release.xcconfig"; sourceTree = "<group>"; };
		F00048142151BFE400328037 /* teatime-lists.entitlements */ = {isa = PBXFileReference; lastKnownFileType = text.plist.entitlements; path = "teatime-lists.entitlements"; sourceTree = "<group>"; };
		F011DE69215019840058DEDE /* Friend.swift */ = {isa = PBXFileReference; lastKnownFileType = sourcecode.swift; path = Friend.swift; sourceTree = "<group>"; };
		F011DE6C215023590058DEDE /* Main.storyboard */ = {isa = PBXFileReference; lastKnownFileType = file.storyboard; path = Main.storyboard; sourceTree = "<group>"; };
		F011DE6E2150236A0058DEDE /* MainViewController.swift */ = {isa = PBXFileReference; lastKnownFileType = sourcecode.swift; path = MainViewController.swift; sourceTree = "<group>"; };
		F011DE7021507D790058DEDE /* Account.swift */ = {isa = PBXFileReference; lastKnownFileType = sourcecode.swift; path = Account.swift; sourceTree = "<group>"; };
		F013C938214C86B5001F1179 /* LandingViewController.swift */ = {isa = PBXFileReference; lastKnownFileType = sourcecode.swift; path = LandingViewController.swift; sourceTree = "<group>"; };
		F013C93A214C86DC001F1179 /* Landing.storyboard */ = {isa = PBXFileReference; lastKnownFileType = file.storyboard; path = Landing.storyboard; sourceTree = "<group>"; };
		F013C93D214C873B001F1179 /* Login.storyboard */ = {isa = PBXFileReference; lastKnownFileType = file.storyboard; path = Login.storyboard; sourceTree = "<group>"; };
		F013C93F214C8747001F1179 /* LoginViewController.swift */ = {isa = PBXFileReference; lastKnownFileType = sourcecode.swift; path = LoginViewController.swift; sourceTree = "<group>"; };
		F013C941214C8A46001F1179 /* AuthenticationService.swift */ = {isa = PBXFileReference; lastKnownFileType = sourcecode.swift; path = AuthenticationService.swift; sourceTree = "<group>"; };
		F013C943214C8B12001F1179 /* Constants.swift */ = {isa = PBXFileReference; lastKnownFileType = sourcecode.swift; path = Constants.swift; sourceTree = "<group>"; };
		F013C945214C8F50001F1179 /* UIWindow+TopVC.swift */ = {isa = PBXFileReference; lastKnownFileType = sourcecode.swift; path = "UIWindow+TopVC.swift"; sourceTree = "<group>"; };
		F013C948214C95EF001F1179 /* FacebookError.swift */ = {isa = PBXFileReference; lastKnownFileType = sourcecode.swift; path = FacebookError.swift; sourceTree = "<group>"; };
		F013C94A214C970A001F1179 /* ErrorHandler.swift */ = {isa = PBXFileReference; lastKnownFileType = sourcecode.swift; path = ErrorHandler.swift; sourceTree = "<group>"; };
		F013C94C214C9A8A001F1179 /* UIViewController+Presenter.swift */ = {isa = PBXFileReference; lastKnownFileType = sourcecode.swift; path = "UIViewController+Presenter.swift"; sourceTree = "<group>"; };
		F013C94E214C9B48001F1179 /* GraphService.swift */ = {isa = PBXFileReference; lastKnownFileType = sourcecode.swift; path = GraphService.swift; sourceTree = "<group>"; };
		F06142252153182B00087370 /* SearchBarView.swift */ = {isa = PBXFileReference; lastKnownFileType = sourcecode.swift; path = SearchBarView.swift; sourceTree = "<group>"; };
		F0614228215418C800087370 /* DrawerViewController.swift */ = {isa = PBXFileReference; lastKnownFileType = sourcecode.swift; path = DrawerViewController.swift; sourceTree = "<group>"; };
		F061422A2154273E00087370 /* ListBrowserViewController.swift */ = {isa = PBXFileReference; lastKnownFileType = sourcecode.swift; path = ListBrowserViewController.swift; sourceTree = "<group>"; };
		F061422B2154273E00087370 /* ListBrowserViewController.xib */ = {isa = PBXFileReference; lastKnownFileType = file.xib; path = ListBrowserViewController.xib; sourceTree = "<group>"; };
		F061422E21543E0E00087370 /* MainViewController+Drawer.swift */ = {isa = PBXFileReference; lastKnownFileType = sourcecode.swift; path = "MainViewController+Drawer.swift"; sourceTree = "<group>"; };
		F061423021543E4400087370 /* MainViewController+Map.swift */ = {isa = PBXFileReference; lastKnownFileType = sourcecode.swift; path = "MainViewController+Map.swift"; sourceTree = "<group>"; };
		F079717921544D10007A0CA4 /* MainViewController+Search.swift */ = {isa = PBXFileReference; lastKnownFileType = sourcecode.swift; path = "MainViewController+Search.swift"; sourceTree = "<group>"; };
		F079717B215471CD007A0CA4 /* DrawerViewController+State.swift */ = {isa = PBXFileReference; lastKnownFileType = sourcecode.swift; path = "DrawerViewController+State.swift"; sourceTree = "<group>"; };
		F079717D2154C37E007A0CA4 /* ListEditing.storyboard */ = {isa = PBXFileReference; lastKnownFileType = file.storyboard; path = ListEditing.storyboard; sourceTree = "<group>"; };
		F079717F2154C399007A0CA4 /* ListEditingViewController.swift */ = {isa = PBXFileReference; lastKnownFileType = sourcecode.swift; path = ListEditingViewController.swift; sourceTree = "<group>"; };
		F07971812154C819007A0CA4 /* FloatingButton.swift */ = {isa = PBXFileReference; lastKnownFileType = sourcecode.swift; path = FloatingButton.swift; sourceTree = "<group>"; };
		F079718421557ED2007A0CA4 /* ListDetailsViewController.swift */ = {isa = PBXFileReference; lastKnownFileType = sourcecode.swift; path = ListDetailsViewController.swift; sourceTree = "<group>"; };
		F079718721557FB3007A0CA4 /* ListDetailsViewController+TableView.swift */ = {isa = PBXFileReference; lastKnownFileType = sourcecode.swift; path = "ListDetailsViewController+TableView.swift"; sourceTree = "<group>"; };
		F079718921558151007A0CA4 /* ListInfoTableViewCell.swift */ = {isa = PBXFileReference; lastKnownFileType = sourcecode.swift; path = ListInfoTableViewCell.swift; sourceTree = "<group>"; };
		F079718A21558151007A0CA4 /* ListInfoTableViewCell.xib */ = {isa = PBXFileReference; lastKnownFileType = file.xib; path = ListInfoTableViewCell.xib; sourceTree = "<group>"; };
		F079718D21558161007A0CA4 /* ListDescriptionTableViewCell.swift */ = {isa = PBXFileReference; lastKnownFileType = sourcecode.swift; path = ListDescriptionTableViewCell.swift; sourceTree = "<group>"; };
		F079718E21558161007A0CA4 /* ListDescriptionTableViewCell.xib */ = {isa = PBXFileReference; lastKnownFileType = file.xib; path = ListDescriptionTableViewCell.xib; sourceTree = "<group>"; };
		F079719121558178007A0CA4 /* PlaceInfoTableViewCell.swift */ = {isa = PBXFileReference; lastKnownFileType = sourcecode.swift; path = PlaceInfoTableViewCell.swift; sourceTree = "<group>"; };
		F079719221558178007A0CA4 /* PlaceInfoTableViewCell.xib */ = {isa = PBXFileReference; lastKnownFileType = file.xib; path = PlaceInfoTableViewCell.xib; sourceTree = "<group>"; };
		F079719721558362007A0CA4 /* ListBrowserViewController+TableView.swift */ = {isa = PBXFileReference; lastKnownFileType = sourcecode.swift; path = "ListBrowserViewController+TableView.swift"; sourceTree = "<group>"; };
		F079719B21558AEC007A0CA4 /* UICollectionView+Reusable.swift */ = {isa = PBXFileReference; fileEncoding = 4; lastKnownFileType = sourcecode.swift; path = "UICollectionView+Reusable.swift"; sourceTree = "<group>"; };
		F079719C21558AEC007A0CA4 /* NibOwnerLoadable.swift */ = {isa = PBXFileReference; fileEncoding = 4; lastKnownFileType = sourcecode.swift; path = NibOwnerLoadable.swift; sourceTree = "<group>"; };
		F079719D21558AED007A0CA4 /* Reusable.swift */ = {isa = PBXFileReference; fileEncoding = 4; lastKnownFileType = sourcecode.swift; path = Reusable.swift; sourceTree = "<group>"; };
		F079719E21558AED007A0CA4 /* UITableView+Reusable.swift */ = {isa = PBXFileReference; fileEncoding = 4; lastKnownFileType = sourcecode.swift; path = "UITableView+Reusable.swift"; sourceTree = "<group>"; };
		F079719F21558AEE007A0CA4 /* NibLoadable.swift */ = {isa = PBXFileReference; fileEncoding = 4; lastKnownFileType = sourcecode.swift; path = NibLoadable.swift; sourceTree = "<group>"; };
		F07971A521559D94007A0CA4 /* ActionButton.swift */ = {isa = PBXFileReference; lastKnownFileType = sourcecode.swift; path = ActionButton.swift; sourceTree = "<group>"; };
		F07971A82155A9F2007A0CA4 /* PlaceInfoViewController.swift */ = {isa = PBXFileReference; lastKnownFileType = sourcecode.swift; path = PlaceInfoViewController.swift; sourceTree = "<group>"; };
		F07971A92155A9F2007A0CA4 /* PlaceInfoViewController.xib */ = {isa = PBXFileReference; lastKnownFileType = file.xib; path = PlaceInfoViewController.xib; sourceTree = "<group>"; };
		F07971AF2155AF51007A0CA4 /* PopoverViewController.swift */ = {isa = PBXFileReference; lastKnownFileType = sourcecode.swift; path = PopoverViewController.swift; sourceTree = "<group>"; };
		F07971B12155AFB1007A0CA4 /* PopoverViewController+State.swift */ = {isa = PBXFileReference; lastKnownFileType = sourcecode.swift; path = "PopoverViewController+State.swift"; sourceTree = "<group>"; };
		F07971B32155B2B7007A0CA4 /* MainViewController+Popover.swift */ = {isa = PBXFileReference; lastKnownFileType = sourcecode.swift; path = "MainViewController+Popover.swift"; sourceTree = "<group>"; };
		F07971B52155BBE2007A0CA4 /* PlaceMarker.swift */ = {isa = PBXFileReference; lastKnownFileType = sourcecode.swift; path = PlaceMarker.swift; sourceTree = "<group>"; };
		F07971B82155C6B3007A0CA4 /* PlaceIcon.swift */ = {isa = PBXFileReference; lastKnownFileType = sourcecode.swift; path = PlaceIcon.swift; sourceTree = "<group>"; };
		F09A7945214B265B0070CA93 /* teatime-lists.app */ = {isa = PBXFileReference; explicitFileType = wrapper.application; includeInIndex = 0; path = "teatime-lists.app"; sourceTree = BUILT_PRODUCTS_DIR; };
		F09A7948214B265B0070CA93 /* AppDelegate.swift */ = {isa = PBXFileReference; lastKnownFileType = sourcecode.swift; path = AppDelegate.swift; sourceTree = "<group>"; };
		F09A794F214B265E0070CA93 /* Assets.xcassets */ = {isa = PBXFileReference; lastKnownFileType = folder.assetcatalog; path = Assets.xcassets; sourceTree = "<group>"; };
		F09A7952214B265E0070CA93 /* Base */ = {isa = PBXFileReference; lastKnownFileType = file.storyboard; name = Base; path = Base.lproj/LaunchScreen.storyboard; sourceTree = "<group>"; };
		F09A7954214B265E0070CA93 /* Info.plist */ = {isa = PBXFileReference; lastKnownFileType = text.plist.xml; path = Info.plist; sourceTree = "<group>"; };
		F09A7959214B265E0070CA93 /* teatime-listsTests.xctest */ = {isa = PBXFileReference; explicitFileType = wrapper.cfbundle; includeInIndex = 0; path = "teatime-listsTests.xctest"; sourceTree = BUILT_PRODUCTS_DIR; };
		F09A795D214B265E0070CA93 /* teatime_listsTests.swift */ = {isa = PBXFileReference; lastKnownFileType = sourcecode.swift; path = teatime_listsTests.swift; sourceTree = "<group>"; };
		F09A795F214B265E0070CA93 /* Info.plist */ = {isa = PBXFileReference; lastKnownFileType = text.plist.xml; path = Info.plist; sourceTree = "<group>"; };
		F09A7968214B38000070CA93 /* GoogleService-Info.plist */ = {isa = PBXFileReference; fileEncoding = 4; lastKnownFileType = text.plist.xml; path = "GoogleService-Info.plist"; sourceTree = "<group>"; };
		F09A7973214C23A50070CA93 /* DButton.swift */ = {isa = PBXFileReference; lastKnownFileType = sourcecode.swift; path = DButton.swift; sourceTree = "<group>"; };
		F09A7975214C23CB0070CA93 /* Routable.swift */ = {isa = PBXFileReference; fileEncoding = 4; lastKnownFileType = sourcecode.swift; path = Routable.swift; sourceTree = "<group>"; };
		F09A7977214C23D50070CA93 /* Routes.swift */ = {isa = PBXFileReference; fileEncoding = 4; lastKnownFileType = sourcecode.swift; path = Routes.swift; sourceTree = "<group>"; };
		F09A797A214C24F30070CA93 /* UIColor+Manipulation.swift */ = {isa = PBXFileReference; lastKnownFileType = sourcecode.swift; path = "UIColor+Manipulation.swift"; sourceTree = "<group>"; };
		F09A797C214C25250070CA93 /* String+Localization.swift */ = {isa = PBXFileReference; fileEncoding = 4; lastKnownFileType = sourcecode.swift; path = "String+Localization.swift"; sourceTree = "<group>"; };
		F09A797E214C25550070CA93 /* UIViewController+Child.swift */ = {isa = PBXFileReference; fileEncoding = 4; lastKnownFileType = sourcecode.swift; path = "UIViewController+Child.swift"; sourceTree = "<group>"; };
		F09A7982214C25A10070CA93 /* InterfaceBuilder+Localization.swift */ = {isa = PBXFileReference; fileEncoding = 4; lastKnownFileType = sourcecode.swift; path = "InterfaceBuilder+Localization.swift"; sourceTree = "<group>"; };
		F09A7987214C269D0070CA93 /* Colors.xcassets */ = {isa = PBXFileReference; lastKnownFileType = folder.assetcatalog; path = Colors.xcassets; sourceTree = "<group>"; };
		F09A798B214C27A10070CA93 /* Collection+Safety.swift */ = {isa = PBXFileReference; fileEncoding = 4; lastKnownFileType = sourcecode.swift; path = "Collection+Safety.swift"; sourceTree = "<group>"; };
		F09A798D214C28210070CA93 /* LocationCategory.swift */ = {isa = PBXFileReference; fileEncoding = 4; lastKnownFileType = sourcecode.swift; path = LocationCategory.swift; sourceTree = "<group>"; };
		F09A798E214C28220070CA93 /* Location.swift */ = {isa = PBXFileReference; fileEncoding = 4; lastKnownFileType = sourcecode.swift; path = Location.swift; sourceTree = "<group>"; };
		F09A798F214C28230070CA93 /* LocationResults.swift */ = {isa = PBXFileReference; fileEncoding = 4; lastKnownFileType = sourcecode.swift; path = LocationResults.swift; sourceTree = "<group>"; };
		F09A7990214C28240070CA93 /* LocationCategoryIcon.swift */ = {isa = PBXFileReference; fileEncoding = 4; lastKnownFileType = sourcecode.swift; path = LocationCategoryIcon.swift; sourceTree = "<group>"; };
		F09A7996214C28A00070CA93 /* Localizable.strings */ = {isa = PBXFileReference; fileEncoding = 4; lastKnownFileType = text.plist.strings; path = Localizable.strings; sourceTree = "<group>"; };
		F09A7998214C29B30070CA93 /* UIView+Subviews.swift */ = {isa = PBXFileReference; fileEncoding = 4; lastKnownFileType = sourcecode.swift; path = "UIView+Subviews.swift"; sourceTree = "<group>"; };
		F0FA8DA32152EAA700E0A5F0 /* MapViewController.swift */ = {isa = PBXFileReference; lastKnownFileType = sourcecode.swift; path = MapViewController.swift; sourceTree = "<group>"; };
		F0FA8DA52152ECC100E0A5F0 /* LocationService.swift */ = {isa = PBXFileReference; lastKnownFileType = sourcecode.swift; path = LocationService.swift; sourceTree = "<group>"; };
		F0FA8DA82152FF4E00E0A5F0 /* UltraLight.json */ = {isa = PBXFileReference; lastKnownFileType = text.json; path = UltraLight.json; sourceTree = "<group>"; };
		F0FA8DAC2153060E00E0A5F0 /* Poppins-Medium.ttf */ = {isa = PBXFileReference; lastKnownFileType = file; path = "Poppins-Medium.ttf"; sourceTree = "<group>"; };
		F0FA8DAD2153060F00E0A5F0 /* Poppins-SemiBold.ttf */ = {isa = PBXFileReference; lastKnownFileType = file; path = "Poppins-SemiBold.ttf"; sourceTree = "<group>"; };
		F0FA8DAE2153060F00E0A5F0 /* Poppins-Regular.ttf */ = {isa = PBXFileReference; lastKnownFileType = file; path = "Poppins-Regular.ttf"; sourceTree = "<group>"; };
		F0FA8DB2215306D800E0A5F0 /* UIFont+Custom.swift */ = {isa = PBXFileReference; lastKnownFileType = sourcecode.swift; path = "UIFont+Custom.swift"; sourceTree = "<group>"; };
/* End PBXFileReference section */

/* Begin PBXFrameworksBuildPhase section */
		F09A7942214B265B0070CA93 /* Frameworks */ = {
			isa = PBXFrameworksBuildPhase;
			buildActionMask = 2147483647;
			files = (
				59D89198BF5E73A63622BC1E /* Pods_teatime_lists.framework in Frameworks */,
			);
			runOnlyForDeploymentPostprocessing = 0;
		};
		F09A7956214B265E0070CA93 /* Frameworks */ = {
			isa = PBXFrameworksBuildPhase;
			buildActionMask = 2147483647;
			files = (
				429DCE021F0A24AFF19D8EA9 /* Pods_teatime_listsTests.framework in Frameworks */,
			);
			runOnlyForDeploymentPostprocessing = 0;
		};
/* End PBXFrameworksBuildPhase section */

/* Begin PBXGroup section */
		150CFCF2B16179A077BB25B3 /* Pods */ = {
			isa = PBXGroup;
			children = (
				9FD3639087ACD85EA5A57C73 /* Pods-teatime-lists.debug.xcconfig */,
				90A05B8076712DF5A5B08547 /* Pods-teatime-lists.release.xcconfig */,
				9904919206C84B7B2CA98FC6 /* Pods-teatime-listsTests.debug.xcconfig */,
				B81D62ECF0DE3756B6369C7E /* Pods-teatime-listsTests.release.xcconfig */,
			);
			name = Pods;
			sourceTree = "<group>";
		};
		9CE0442001A76FFA6B434E89 /* Frameworks */ = {
			isa = PBXGroup;
			children = (
				B434D017F16AB9F7A017E44F /* Pods_teatime_lists.framework */,
				A087FD5A09F6733E01735EC3 /* Pods_teatime_listsTests.framework */,
			);
			name = Frameworks;
			sourceTree = "<group>";
		};
		F011DE6B215023410058DEDE /* Main */ = {
			isa = PBXGroup;
			children = (
				F011DE6C215023590058DEDE /* Main.storyboard */,
				F011DE6E2150236A0058DEDE /* MainViewController.swift */,
				F061423021543E4400087370 /* MainViewController+Map.swift */,
				F079717921544D10007A0CA4 /* MainViewController+Search.swift */,
				F061422E21543E0E00087370 /* MainViewController+Drawer.swift */,
				F07971B32155B2B7007A0CA4 /* MainViewController+Popover.swift */,
			);
			path = Main;
			sourceTree = "<group>";
		};
		F013C93C214C8729001F1179 /* Login */ = {
			isa = PBXGroup;
			children = (
				F013C93D214C873B001F1179 /* Login.storyboard */,
				F013C93F214C8747001F1179 /* LoginViewController.swift */,
			);
			path = Login;
			sourceTree = "<group>";
		};
		F013C947214C95B0001F1179 /* Errors */ = {
			isa = PBXGroup;
			children = (
				F013C948214C95EF001F1179 /* FacebookError.swift */,
				F013C94A214C970A001F1179 /* ErrorHandler.swift */,
			);
			path = Errors;
			sourceTree = "<group>";
		};
		F06142242153181000087370 /* SearchMap */ = {
			isa = PBXGroup;
			children = (
				F06142252153182B00087370 /* SearchBarView.swift */,
			);
			path = SearchMap;
			sourceTree = "<group>";
		};
		F079718321557E75007A0CA4 /* List Details */ = {
			isa = PBXGroup;
			children = (
				F079718621557ED8007A0CA4 /* Cells */,
				F079718421557ED2007A0CA4 /* ListDetailsViewController.swift */,
				F079718721557FB3007A0CA4 /* ListDetailsViewController+TableView.swift */,
			);
			path = "List Details";
			sourceTree = "<group>";
		};
		F079718621557ED8007A0CA4 /* Cells */ = {
			isa = PBXGroup;
			children = (
				F079718921558151007A0CA4 /* ListInfoTableViewCell.swift */,
				F079718A21558151007A0CA4 /* ListInfoTableViewCell.xib */,
				F079718D21558161007A0CA4 /* ListDescriptionTableViewCell.swift */,
				F079718E21558161007A0CA4 /* ListDescriptionTableViewCell.xib */,
				F079719121558178007A0CA4 /* PlaceInfoTableViewCell.swift */,
				F079719221558178007A0CA4 /* PlaceInfoTableViewCell.xib */,
			);
			path = Cells;
			sourceTree = "<group>";
		};
		F079719921558A9C007A0CA4 /* Libraries */ = {
			isa = PBXGroup;
			children = (
				F079719A21558ADC007A0CA4 /* Reusable */,
			);
			path = Libraries;
			sourceTree = "<group>";
		};
		F079719A21558ADC007A0CA4 /* Reusable */ = {
			isa = PBXGroup;
			children = (
				F079719F21558AEE007A0CA4 /* NibLoadable.swift */,
				F079719C21558AEC007A0CA4 /* NibOwnerLoadable.swift */,
				F079719D21558AED007A0CA4 /* Reusable.swift */,
				F079719B21558AEC007A0CA4 /* UICollectionView+Reusable.swift */,
				F079719E21558AED007A0CA4 /* UITableView+Reusable.swift */,
			);
			path = Reusable;
			sourceTree = "<group>";
		};
		F07971A72155A9C8007A0CA4 /* PlaceInfo */ = {
			isa = PBXGroup;
			children = (
				F07971A82155A9F2007A0CA4 /* PlaceInfoViewController.swift */,
				F07971A92155A9F2007A0CA4 /* PlaceInfoViewController.xib */,
			);
			path = PlaceInfo;
			sourceTree = "<group>";
		};
		F07971AC2155AEF9007A0CA4 /* Examples */ = {
			isa = PBXGroup;
			children = (
				F09A7973214C23A50070CA93 /* DButton.swift */,
			);
			path = Examples;
			sourceTree = "<group>";
		};
		F07971AD2155AF05007A0CA4 /* Drawer */ = {
			isa = PBXGroup;
			children = (
				F0614228215418C800087370 /* DrawerViewController.swift */,
				F079717B215471CD007A0CA4 /* DrawerViewController+State.swift */,
			);
			path = Drawer;
			sourceTree = "<group>";
		};
		F07971AE2155AF3B007A0CA4 /* Popover */ = {
			isa = PBXGroup;
			children = (
				F07971AF2155AF51007A0CA4 /* PopoverViewController.swift */,
				F07971B12155AFB1007A0CA4 /* PopoverViewController+State.swift */,
			);
			path = Popover;
			sourceTree = "<group>";
		};
		F07971B72155C695007A0CA4 /* Icons */ = {
			isa = PBXGroup;
			children = (
				F07971B82155C6B3007A0CA4 /* PlaceIcon.swift */,
			);
			path = Icons;
			sourceTree = "<group>";
		};
		F09A793C214B265B0070CA93 = {
			isa = PBXGroup;
			children = (
				F09A7947214B265B0070CA93 /* teatime-lists */,
				F09A795C214B265E0070CA93 /* teatime-listsTests */,
				F09A7946214B265B0070CA93 /* Products */,
				150CFCF2B16179A077BB25B3 /* Pods */,
				9CE0442001A76FFA6B434E89 /* Frameworks */,
			);
			sourceTree = "<group>";
		};
		F09A7946214B265B0070CA93 /* Products */ = {
			isa = PBXGroup;
			children = (
				F09A7945214B265B0070CA93 /* teatime-lists.app */,
				F09A7959214B265E0070CA93 /* teatime-listsTests.xctest */,
			);
			name = Products;
			sourceTree = "<group>";
		};
		F09A7947214B265B0070CA93 /* teatime-lists */ = {
			isa = PBXGroup;
			children = (
				F00048142151BFE400328037 /* teatime-lists.entitlements */,
				F09A796D214C23170070CA93 /* Resources */,
				F09A796E214C23520070CA93 /* Shared */,
				F09A796C214C22F10070CA93 /* Models */,
				F09A796A214C22690070CA93 /* Scenes */,
				F09A7948214B265B0070CA93 /* AppDelegate.swift */,
				F09A7951214B265E0070CA93 /* LaunchScreen.storyboard */,
				F09A7996214C28A00070CA93 /* Localizable.strings */,
				F09A794F214B265E0070CA93 /* Assets.xcassets */,
				F09A7987214C269D0070CA93 /* Colors.xcassets */,
				F09A7954214B265E0070CA93 /* Info.plist */,
				F09A7968214B38000070CA93 /* GoogleService-Info.plist */,
			);
			path = "teatime-lists";
			sourceTree = "<group>";
		};
		F09A795C214B265E0070CA93 /* teatime-listsTests */ = {
			isa = PBXGroup;
			children = (
				F09A795D214B265E0070CA93 /* teatime_listsTests.swift */,
				F09A795F214B265E0070CA93 /* Info.plist */,
			);
			path = "teatime-listsTests";
			sourceTree = "<group>";
		};
		F09A796A214C22690070CA93 /* Scenes */ = {
			isa = PBXGroup;
			children = (
				F07971A72155A9C8007A0CA4 /* PlaceInfo */,
				F09A799A214C2A720070CA93 /* Landing */,
				F013C93C214C8729001F1179 /* Login */,
				F06142242153181000087370 /* SearchMap */,
				F011DE6B215023410058DEDE /* Main */,
				F09A7986214C26520070CA93 /* MapView */,
				F0FA8DB42153103B00E0A5F0 /* ListBrowser */,
				F079718321557E75007A0CA4 /* List Details */,
				F09A7984214C262C0070CA93 /* ListEditing */,
			);
			path = Scenes;
			sourceTree = "<group>";
		};
		F09A796C214C22F10070CA93 /* Models */ = {
			isa = PBXGroup;
			children = (
				F09A7995214C28480070CA93 /* Example from Dolo test */,
				F011DE7021507D790058DEDE /* Account.swift */,
				F011DE69215019840058DEDE /* Friend.swift */,
			);
			path = Models;
			sourceTree = "<group>";
		};
		F09A796D214C23170070CA93 /* Resources */ = {
			isa = PBXGroup;
			children = (
				F09A7979214C24190070CA93 /* Fonts */,
				F013C943214C8B12001F1179 /* Constants.swift */,
			);
			path = Resources;
			sourceTree = "<group>";
		};
		F09A796E214C23520070CA93 /* Shared */ = {
			isa = PBXGroup;
			children = (
				F013C947214C95B0001F1179 /* Errors */,
				F09A7972214C23730070CA93 /* Services */,
				F09A7971214C23670070CA93 /* Controls */,
				F09A796F214C23580070CA93 /* Routing */,
				F09A7970214C23610070CA93 /* Extensions */,
				F079719921558A9C007A0CA4 /* Libraries */,
			);
			path = Shared;
			sourceTree = "<group>";
		};
		F09A796F214C23580070CA93 /* Routing */ = {
			isa = PBXGroup;
			children = (
				F09A7975214C23CB0070CA93 /* Routable.swift */,
				F09A7977214C23D50070CA93 /* Routes.swift */,
			);
			path = Routing;
			sourceTree = "<group>";
		};
		F09A7970214C23610070CA93 /* Extensions */ = {
			isa = PBXGroup;
			children = (
				F09A797A214C24F30070CA93 /* UIColor+Manipulation.swift */,
				F09A797C214C25250070CA93 /* String+Localization.swift */,
				F09A797E214C25550070CA93 /* UIViewController+Child.swift */,
				F09A7998214C29B30070CA93 /* UIView+Subviews.swift */,
				F09A7982214C25A10070CA93 /* InterfaceBuilder+Localization.swift */,
				F09A798B214C27A10070CA93 /* Collection+Safety.swift */,
				F013C945214C8F50001F1179 /* UIWindow+TopVC.swift */,
				F013C94C214C9A8A001F1179 /* UIViewController+Presenter.swift */,
				F0FA8DB2215306D800E0A5F0 /* UIFont+Custom.swift */,
			);
			path = Extensions;
			sourceTree = "<group>";
		};
		F09A7971214C23670070CA93 /* Controls */ = {
			isa = PBXGroup;
			children = (
				F07971AE2155AF3B007A0CA4 /* Popover */,
				F07971AD2155AF05007A0CA4 /* Drawer */,
				F07971AC2155AEF9007A0CA4 /* Examples */,
				F07971812154C819007A0CA4 /* FloatingButton.swift */,
				F07971A521559D94007A0CA4 /* ActionButton.swift */,
			);
			path = Controls;
			sourceTree = "<group>";
		};
		F09A7972214C23730070CA93 /* Services */ = {
			isa = PBXGroup;
			children = (
				F013C941214C8A46001F1179 /* AuthenticationService.swift */,
				F013C94E214C9B48001F1179 /* GraphService.swift */,
				F0FA8DA52152ECC100E0A5F0 /* LocationService.swift */,
			);
			path = Services;
			sourceTree = "<group>";
		};
		F09A7979214C24190070CA93 /* Fonts */ = {
			isa = PBXGroup;
			children = (
				F0FA8DAC2153060E00E0A5F0 /* Poppins-Medium.ttf */,
				F0FA8DAE2153060F00E0A5F0 /* Poppins-Regular.ttf */,
				F0FA8DAD2153060F00E0A5F0 /* Poppins-SemiBold.ttf */,
			);
			path = Fonts;
			sourceTree = "<group>";
		};
		F09A7984214C262C0070CA93 /* ListEditing */ = {
			isa = PBXGroup;
			children = (
				F079717D2154C37E007A0CA4 /* ListEditing.storyboard */,
				F079717F2154C399007A0CA4 /* ListEditingViewController.swift */,
			);
			path = ListEditing;
			sourceTree = "<group>";
		};
		F09A7986214C26520070CA93 /* MapView */ = {
			isa = PBXGroup;
			children = (
				F07971B72155C695007A0CA4 /* Icons */,
				F0FA8DA72152FED700E0A5F0 /* Map Styling */,
				F0FA8DA32152EAA700E0A5F0 /* MapViewController.swift */,
				F07971B52155BBE2007A0CA4 /* PlaceMarker.swift */,
			);
			path = MapView;
			sourceTree = "<group>";
		};
		F09A7995214C28480070CA93 /* Example from Dolo test */ = {
			isa = PBXGroup;
			children = (
				F09A798E214C28220070CA93 /* Location.swift */,
				F09A798D214C28210070CA93 /* LocationCategory.swift */,
				F09A7990214C28240070CA93 /* LocationCategoryIcon.swift */,
				F09A798F214C28230070CA93 /* LocationResults.swift */,
			);
			path = "Example from Dolo test";
			sourceTree = "<group>";
		};
		F09A799A214C2A720070CA93 /* Landing */ = {
			isa = PBXGroup;
			children = (
				F013C93A214C86DC001F1179 /* Landing.storyboard */,
				F013C938214C86B5001F1179 /* LandingViewController.swift */,
			);
			path = Landing;
			sourceTree = "<group>";
		};
		F0FA8DA72152FED700E0A5F0 /* Map Styling */ = {
			isa = PBXGroup;
			children = (
				F0FA8DA82152FF4E00E0A5F0 /* UltraLight.json */,
			);
			path = "Map Styling";
			sourceTree = "<group>";
		};
		F0FA8DB42153103B00E0A5F0 /* ListBrowser */ = {
			isa = PBXGroup;
			children = (
				F061422B2154273E00087370 /* ListBrowserViewController.xib */,
				F061422A2154273E00087370 /* ListBrowserViewController.swift */,
				F079719721558362007A0CA4 /* ListBrowserViewController+TableView.swift */,
			);
			path = ListBrowser;
			sourceTree = "<group>";
		};
/* End PBXGroup section */

/* Begin PBXNativeTarget section */
		F09A7944214B265B0070CA93 /* teatime-lists */ = {
			isa = PBXNativeTarget;
			buildConfigurationList = F09A7962214B265E0070CA93 /* Build configuration list for PBXNativeTarget "teatime-lists" */;
			buildPhases = (
				F3611179CF5B1E868380B526 /* [CP] Check Pods Manifest.lock */,
				F09A7941214B265B0070CA93 /* Sources */,
				F09A7942214B265B0070CA93 /* Frameworks */,
				F09A7943214B265B0070CA93 /* Resources */,
				D4D40BB1E73C84D7495A29A5 /* [CP] Embed Pods Frameworks */,
				6EC8B33166CCD3BBBA80B2B6 /* [CP] Copy Pods Resources */,
			);
			buildRules = (
			);
			dependencies = (
			);
			name = "teatime-lists";
			productName = "teatime-lists";
			productReference = F09A7945214B265B0070CA93 /* teatime-lists.app */;
			productType = "com.apple.product-type.application";
		};
		F09A7958214B265E0070CA93 /* teatime-listsTests */ = {
			isa = PBXNativeTarget;
			buildConfigurationList = F09A7965214B265E0070CA93 /* Build configuration list for PBXNativeTarget "teatime-listsTests" */;
			buildPhases = (
				6CFCCB18A94A4E9938E0BC29 /* [CP] Check Pods Manifest.lock */,
				F09A7955214B265E0070CA93 /* Sources */,
				F09A7956214B265E0070CA93 /* Frameworks */,
				F09A7957214B265E0070CA93 /* Resources */,
			);
			buildRules = (
			);
			dependencies = (
				F09A795B214B265E0070CA93 /* PBXTargetDependency */,
			);
			name = "teatime-listsTests";
			productName = "teatime-listsTests";
			productReference = F09A7959214B265E0070CA93 /* teatime-listsTests.xctest */;
			productType = "com.apple.product-type.bundle.unit-test";
		};
/* End PBXNativeTarget section */

/* Begin PBXProject section */
		F09A793D214B265B0070CA93 /* Project object */ = {
			isa = PBXProject;
			attributes = {
				LastSwiftUpdateCheck = 0940;
				LastUpgradeCheck = 0940;
				ORGANIZATIONNAME = "Tea Time Labs Inc.";
				TargetAttributes = {
					F09A7944214B265B0070CA93 = {
						CreatedOnToolsVersion = 9.4.1;
						SystemCapabilities = {
							com.apple.Push = {
								enabled = 1;
							};
						};
					};
					F09A7958214B265E0070CA93 = {
						CreatedOnToolsVersion = 9.4.1;
						TestTargetID = F09A7944214B265B0070CA93;
					};
				};
			};
			buildConfigurationList = F09A7940214B265B0070CA93 /* Build configuration list for PBXProject "teatime-lists" */;
			compatibilityVersion = "Xcode 9.3";
			developmentRegion = en;
			hasScannedForEncodings = 0;
			knownRegions = (
				en,
				Base,
			);
			mainGroup = F09A793C214B265B0070CA93;
			productRefGroup = F09A7946214B265B0070CA93 /* Products */;
			projectDirPath = "";
			projectRoot = "";
			targets = (
				F09A7944214B265B0070CA93 /* teatime-lists */,
				F09A7958214B265E0070CA93 /* teatime-listsTests */,
			);
		};
/* End PBXProject section */

/* Begin PBXResourcesBuildPhase section */
		F09A7943214B265B0070CA93 /* Resources */ = {
			isa = PBXResourcesBuildPhase;
			buildActionMask = 2147483647;
			files = (
				F013C93B214C86DC001F1179 /* Landing.storyboard in Resources */,
				F061422D2154273E00087370 /* ListBrowserViewController.xib in Resources */,
				F09A7988214C269D0070CA93 /* Colors.xcassets in Resources */,
				F079718C21558151007A0CA4 /* ListInfoTableViewCell.xib in Resources */,
				F0FA8DB02153060F00E0A5F0 /* Poppins-SemiBold.ttf in Resources */,
				F0FA8DB12153060F00E0A5F0 /* Poppins-Regular.ttf in Resources */,
				F013C93E214C873B001F1179 /* Login.storyboard in Resources */,
				F011DE6D215023590058DEDE /* Main.storyboard in Resources */,
				F079719421558178007A0CA4 /* PlaceInfoTableViewCell.xib in Resources */,
				F079719021558161007A0CA4 /* ListDescriptionTableViewCell.xib in Resources */,
				F07971AB2155A9F2007A0CA4 /* PlaceInfoViewController.xib in Resources */,
				F09A7997214C28A00070CA93 /* Localizable.strings in Resources */,
				F09A7953214B265E0070CA93 /* LaunchScreen.storyboard in Resources */,
				F0FA8DA92152FF4E00E0A5F0 /* UltraLight.json in Resources */,
				F09A7969214B38000070CA93 /* GoogleService-Info.plist in Resources */,
				F09A7950214B265E0070CA93 /* Assets.xcassets in Resources */,
				F0FA8DAF2153060F00E0A5F0 /* Poppins-Medium.ttf in Resources */,
				F079717E2154C37E007A0CA4 /* ListEditing.storyboard in Resources */,
			);
			runOnlyForDeploymentPostprocessing = 0;
		};
		F09A7957214B265E0070CA93 /* Resources */ = {
			isa = PBXResourcesBuildPhase;
			buildActionMask = 2147483647;
			files = (
			);
			runOnlyForDeploymentPostprocessing = 0;
		};
/* End PBXResourcesBuildPhase section */

/* Begin PBXShellScriptBuildPhase section */
		6CFCCB18A94A4E9938E0BC29 /* [CP] Check Pods Manifest.lock */ = {
			isa = PBXShellScriptBuildPhase;
			buildActionMask = 2147483647;
			files = (
			);
			inputPaths = (
				"${PODS_PODFILE_DIR_PATH}/Podfile.lock",
				"${PODS_ROOT}/Manifest.lock",
			);
			name = "[CP] Check Pods Manifest.lock";
			outputPaths = (
				"$(DERIVED_FILE_DIR)/Pods-teatime-listsTests-checkManifestLockResult.txt",
			);
			runOnlyForDeploymentPostprocessing = 0;
			shellPath = /bin/sh;
			shellScript = "diff \"${PODS_PODFILE_DIR_PATH}/Podfile.lock\" \"${PODS_ROOT}/Manifest.lock\" > /dev/null\nif [ $? != 0 ] ; then\n    # print error to STDERR\n    echo \"error: The sandbox is not in sync with the Podfile.lock. Run 'pod install' or update your CocoaPods installation.\" >&2\n    exit 1\nfi\n# This output is used by Xcode 'outputs' to avoid re-running this script phase.\necho \"SUCCESS\" > \"${SCRIPT_OUTPUT_FILE_0}\"\n";
			showEnvVarsInLog = 0;
		};
		6EC8B33166CCD3BBBA80B2B6 /* [CP] Copy Pods Resources */ = {
			isa = PBXShellScriptBuildPhase;
			buildActionMask = 2147483647;
			files = (
			);
			inputPaths = (
				"${SRCROOT}/Pods/Target Support Files/Pods-teatime-lists/Pods-teatime-lists-resources.sh",
				"${PODS_ROOT}/GoogleMaps/Maps/Frameworks/GoogleMaps.framework/Resources/GoogleMaps.bundle",
				"${PODS_ROOT}/GooglePlaces/Frameworks/GooglePlaces.framework/Resources/GooglePlaces.bundle",
			);
			name = "[CP] Copy Pods Resources";
			outputPaths = (
				"${TARGET_BUILD_DIR}/${UNLOCALIZED_RESOURCES_FOLDER_PATH}/GoogleMaps.bundle",
				"${TARGET_BUILD_DIR}/${UNLOCALIZED_RESOURCES_FOLDER_PATH}/GooglePlaces.bundle",
			);
			runOnlyForDeploymentPostprocessing = 0;
			shellPath = /bin/sh;
			shellScript = "\"${SRCROOT}/Pods/Target Support Files/Pods-teatime-lists/Pods-teatime-lists-resources.sh\"\n";
			showEnvVarsInLog = 0;
		};
		D4D40BB1E73C84D7495A29A5 /* [CP] Embed Pods Frameworks */ = {
			isa = PBXShellScriptBuildPhase;
			buildActionMask = 2147483647;
			files = (
			);
			inputPaths = (
				"${SRCROOT}/Pods/Target Support Files/Pods-teatime-lists/Pods-teatime-lists-frameworks.sh",
				"${BUILT_PRODUCTS_DIR}/Alamofire/Alamofire.framework",
				"${BUILT_PRODUCTS_DIR}/Bolts/Bolts.framework",
				"${BUILT_PRODUCTS_DIR}/BoringSSL/openssl.framework",
				"${BUILT_PRODUCTS_DIR}/FBSDKCoreKit/FBSDKCoreKit.framework",
				"${BUILT_PRODUCTS_DIR}/FBSDKLoginKit/FBSDKLoginKit.framework",
				"${BUILT_PRODUCTS_DIR}/GTMSessionFetcher/GTMSessionFetcher.framework",
				"${BUILT_PRODUCTS_DIR}/GoogleUtilities/GoogleUtilities.framework",
				"${BUILT_PRODUCTS_DIR}/Kingfisher/Kingfisher.framework",
				"${BUILT_PRODUCTS_DIR}/Moya/Moya.framework",
				"${BUILT_PRODUCTS_DIR}/Protobuf/Protobuf.framework",
				"${BUILT_PRODUCTS_DIR}/Result/Result.framework",
				"${BUILT_PRODUCTS_DIR}/RxCocoa/RxCocoa.framework",
				"${BUILT_PRODUCTS_DIR}/RxSwift/RxSwift.framework",
				"${BUILT_PRODUCTS_DIR}/SwiftyJSON/SwiftyJSON.framework",
				"${BUILT_PRODUCTS_DIR}/TinyConstraints/TinyConstraints.framework",
				"${BUILT_PRODUCTS_DIR}/gRPC/GRPCClient.framework",
				"${BUILT_PRODUCTS_DIR}/gRPC-Core/grpc.framework",
				"${BUILT_PRODUCTS_DIR}/gRPC-ProtoRPC/ProtoRPC.framework",
				"${BUILT_PRODUCTS_DIR}/gRPC-RxLibrary/RxLibrary.framework",
				"${BUILT_PRODUCTS_DIR}/leveldb-library/leveldb.framework",
				"${BUILT_PRODUCTS_DIR}/nanopb/nanopb.framework",
			);
			name = "[CP] Embed Pods Frameworks";
			outputPaths = (
				"${TARGET_BUILD_DIR}/${FRAMEWORKS_FOLDER_PATH}/Alamofire.framework",
				"${TARGET_BUILD_DIR}/${FRAMEWORKS_FOLDER_PATH}/Bolts.framework",
				"${TARGET_BUILD_DIR}/${FRAMEWORKS_FOLDER_PATH}/openssl.framework",
				"${TARGET_BUILD_DIR}/${FRAMEWORKS_FOLDER_PATH}/FBSDKCoreKit.framework",
				"${TARGET_BUILD_DIR}/${FRAMEWORKS_FOLDER_PATH}/FBSDKLoginKit.framework",
				"${TARGET_BUILD_DIR}/${FRAMEWORKS_FOLDER_PATH}/GTMSessionFetcher.framework",
				"${TARGET_BUILD_DIR}/${FRAMEWORKS_FOLDER_PATH}/GoogleUtilities.framework",
				"${TARGET_BUILD_DIR}/${FRAMEWORKS_FOLDER_PATH}/Kingfisher.framework",
				"${TARGET_BUILD_DIR}/${FRAMEWORKS_FOLDER_PATH}/Moya.framework",
				"${TARGET_BUILD_DIR}/${FRAMEWORKS_FOLDER_PATH}/Protobuf.framework",
				"${TARGET_BUILD_DIR}/${FRAMEWORKS_FOLDER_PATH}/Result.framework",
				"${TARGET_BUILD_DIR}/${FRAMEWORKS_FOLDER_PATH}/RxCocoa.framework",
				"${TARGET_BUILD_DIR}/${FRAMEWORKS_FOLDER_PATH}/RxSwift.framework",
				"${TARGET_BUILD_DIR}/${FRAMEWORKS_FOLDER_PATH}/SwiftyJSON.framework",
				"${TARGET_BUILD_DIR}/${FRAMEWORKS_FOLDER_PATH}/TinyConstraints.framework",
				"${TARGET_BUILD_DIR}/${FRAMEWORKS_FOLDER_PATH}/GRPCClient.framework",
				"${TARGET_BUILD_DIR}/${FRAMEWORKS_FOLDER_PATH}/grpc.framework",
				"${TARGET_BUILD_DIR}/${FRAMEWORKS_FOLDER_PATH}/ProtoRPC.framework",
				"${TARGET_BUILD_DIR}/${FRAMEWORKS_FOLDER_PATH}/RxLibrary.framework",
				"${TARGET_BUILD_DIR}/${FRAMEWORKS_FOLDER_PATH}/leveldb.framework",
				"${TARGET_BUILD_DIR}/${FRAMEWORKS_FOLDER_PATH}/nanopb.framework",
			);
			runOnlyForDeploymentPostprocessing = 0;
			shellPath = /bin/sh;
			shellScript = "\"${SRCROOT}/Pods/Target Support Files/Pods-teatime-lists/Pods-teatime-lists-frameworks.sh\"\n";
			showEnvVarsInLog = 0;
		};
		F3611179CF5B1E868380B526 /* [CP] Check Pods Manifest.lock */ = {
			isa = PBXShellScriptBuildPhase;
			buildActionMask = 2147483647;
			files = (
			);
			inputPaths = (
				"${PODS_PODFILE_DIR_PATH}/Podfile.lock",
				"${PODS_ROOT}/Manifest.lock",
			);
			name = "[CP] Check Pods Manifest.lock";
			outputPaths = (
				"$(DERIVED_FILE_DIR)/Pods-teatime-lists-checkManifestLockResult.txt",
			);
			runOnlyForDeploymentPostprocessing = 0;
			shellPath = /bin/sh;
			shellScript = "diff \"${PODS_PODFILE_DIR_PATH}/Podfile.lock\" \"${PODS_ROOT}/Manifest.lock\" > /dev/null\nif [ $? != 0 ] ; then\n    # print error to STDERR\n    echo \"error: The sandbox is not in sync with the Podfile.lock. Run 'pod install' or update your CocoaPods installation.\" >&2\n    exit 1\nfi\n# This output is used by Xcode 'outputs' to avoid re-running this script phase.\necho \"SUCCESS\" > \"${SCRIPT_OUTPUT_FILE_0}\"\n";
			showEnvVarsInLog = 0;
		};
/* End PBXShellScriptBuildPhase section */

/* Begin PBXSourcesBuildPhase section */
		F09A7941214B265B0070CA93 /* Sources */ = {
			isa = PBXSourcesBuildPhase;
			buildActionMask = 2147483647;
			files = (
				F013C940214C8747001F1179 /* LoginViewController.swift in Sources */,
				F011DE6F2150236A0058DEDE /* MainViewController.swift in Sources */,
				F013C944214C8B12001F1179 /* Constants.swift in Sources */,
				F07971A021558AEF007A0CA4 /* UICollectionView+Reusable.swift in Sources */,
				F011DE6A215019840058DEDE /* Friend.swift in Sources */,
				F09A7991214C28240070CA93 /* LocationCategory.swift in Sources */,
				F0614229215418C800087370 /* DrawerViewController.swift in Sources */,
				F079719821558362007A0CA4 /* ListBrowserViewController+TableView.swift in Sources */,
				F07971B42155B2B7007A0CA4 /* MainViewController+Popover.swift in Sources */,
				F013C94D214C9A8A001F1179 /* UIViewController+Presenter.swift in Sources */,
				F079719321558178007A0CA4 /* PlaceInfoTableViewCell.swift in Sources */,
				F09A798C214C27A10070CA93 /* Collection+Safety.swift in Sources */,
				F07971A221558AEF007A0CA4 /* Reusable.swift in Sources */,
				F07971A321558AEF007A0CA4 /* UITableView+Reusable.swift in Sources */,
				F09A7974214C23A50070CA93 /* DButton.swift in Sources */,
				F07971AA2155A9F2007A0CA4 /* PlaceInfoViewController.swift in Sources */,
				F09A7978214C23D60070CA93 /* Routes.swift in Sources */,
				F013C942214C8A46001F1179 /* AuthenticationService.swift in Sources */,
				F013C94F214C9B48001F1179 /* GraphService.swift in Sources */,
				F07971B22155AFB1007A0CA4 /* PopoverViewController+State.swift in Sources */,
				F09A797F214C25560070CA93 /* UIViewController+Child.swift in Sources */,
				F079718B21558151007A0CA4 /* ListInfoTableViewCell.swift in Sources */,
				F09A7992214C28240070CA93 /* Location.swift in Sources */,
				F061422F21543E0E00087370 /* MainViewController+Drawer.swift in Sources */,
				F0FA8DB3215306D800E0A5F0 /* UIFont+Custom.swift in Sources */,
				F09A7993214C28240070CA93 /* LocationResults.swift in Sources */,
				F09A7994214C28240070CA93 /* LocationCategoryIcon.swift in Sources */,
				F061422C2154273E00087370 /* ListBrowserViewController.swift in Sources */,
				F079718521557ED2007A0CA4 /* ListDetailsViewController.swift in Sources */,
				F079717A21544D10007A0CA4 /* MainViewController+Search.swift in Sources */,
				F07971B02155AF51007A0CA4 /* PopoverViewController.swift in Sources */,
				F09A7949214B265B0070CA93 /* AppDelegate.swift in Sources */,
				F07971B92155C6B3007A0CA4 /* PlaceIcon.swift in Sources */,
				F07971A121558AEF007A0CA4 /* NibOwnerLoadable.swift in Sources */,
				F09A797B214C24F30070CA93 /* UIColor+Manipulation.swift in Sources */,
				F09A797D214C25260070CA93 /* String+Localization.swift in Sources */,
				F07971B62155BBE2007A0CA4 /* PlaceMarker.swift in Sources */,
				F07971802154C399007A0CA4 /* ListEditingViewController.swift in Sources */,
				F07971822154C819007A0CA4 /* FloatingButton.swift in Sources */,
				F061423121543E4500087370 /* MainViewController+Map.swift in Sources */,
				F06142262153182B00087370 /* SearchBarView.swift in Sources */,
				F09A7999214C29B30070CA93 /* UIView+Subviews.swift in Sources */,
				F013C94B214C970A001F1179 /* ErrorHandler.swift in Sources */,
				F079718F21558161007A0CA4 /* ListDescriptionTableViewCell.swift in Sources */,
				F013C939214C86B5001F1179 /* LandingViewController.swift in Sources */,
				F013C946214C8F50001F1179 /* UIWindow+TopVC.swift in Sources */,
				F09A7976214C23CB0070CA93 /* Routable.swift in Sources */,
				F079718821557FB3007A0CA4 /* ListDetailsViewController+TableView.swift in Sources */,
				F07971A421558AEF007A0CA4 /* NibLoadable.swift in Sources */,
				F011DE7121507D790058DEDE /* Account.swift in Sources */,
				F09A7983214C25A10070CA93 /* InterfaceBuilder+Localization.swift in Sources */,
				F0FA8DA62152ECC100E0A5F0 /* LocationService.swift in Sources */,
				F013C949214C95EF001F1179 /* FacebookError.swift in Sources */,
				F0FA8DA42152EAA700E0A5F0 /* MapViewController.swift in Sources */,
				F079717C215471CD007A0CA4 /* DrawerViewController+State.swift in Sources */,
				F07971A621559D94007A0CA4 /* ActionButton.swift in Sources */,
			);
			runOnlyForDeploymentPostprocessing = 0;
		};
		F09A7955214B265E0070CA93 /* Sources */ = {
			isa = PBXSourcesBuildPhase;
			buildActionMask = 2147483647;
			files = (
				F09A795E214B265E0070CA93 /* teatime_listsTests.swift in Sources */,
			);
			runOnlyForDeploymentPostprocessing = 0;
		};
/* End PBXSourcesBuildPhase section */

/* Begin PBXTargetDependency section */
		F09A795B214B265E0070CA93 /* PBXTargetDependency */ = {
			isa = PBXTargetDependency;
			target = F09A7944214B265B0070CA93 /* teatime-lists */;
			targetProxy = F09A795A214B265E0070CA93 /* PBXContainerItemProxy */;
		};
/* End PBXTargetDependency section */

/* Begin PBXVariantGroup section */
		F09A7951214B265E0070CA93 /* LaunchScreen.storyboard */ = {
			isa = PBXVariantGroup;
			children = (
				F09A7952214B265E0070CA93 /* Base */,
			);
			name = LaunchScreen.storyboard;
			sourceTree = "<group>";
		};
/* End PBXVariantGroup section */

/* Begin XCBuildConfiguration section */
		F09A7960214B265E0070CA93 /* Debug */ = {
			isa = XCBuildConfiguration;
			buildSettings = {
				ALWAYS_SEARCH_USER_PATHS = NO;
				CLANG_ANALYZER_NONNULL = YES;
				CLANG_ANALYZER_NUMBER_OBJECT_CONVERSION = YES_AGGRESSIVE;
				CLANG_CXX_LANGUAGE_STANDARD = "gnu++14";
				CLANG_CXX_LIBRARY = "libc++";
				CLANG_ENABLE_MODULES = YES;
				CLANG_ENABLE_OBJC_ARC = YES;
				CLANG_ENABLE_OBJC_WEAK = YES;
				CLANG_WARN_BLOCK_CAPTURE_AUTORELEASING = YES;
				CLANG_WARN_BOOL_CONVERSION = YES;
				CLANG_WARN_COMMA = YES;
				CLANG_WARN_CONSTANT_CONVERSION = YES;
				CLANG_WARN_DEPRECATED_OBJC_IMPLEMENTATIONS = YES;
				CLANG_WARN_DIRECT_OBJC_ISA_USAGE = YES_ERROR;
				CLANG_WARN_DOCUMENTATION_COMMENTS = YES;
				CLANG_WARN_EMPTY_BODY = YES;
				CLANG_WARN_ENUM_CONVERSION = YES;
				CLANG_WARN_INFINITE_RECURSION = YES;
				CLANG_WARN_INT_CONVERSION = YES;
				CLANG_WARN_NON_LITERAL_NULL_CONVERSION = YES;
				CLANG_WARN_OBJC_IMPLICIT_RETAIN_SELF = YES;
				CLANG_WARN_OBJC_LITERAL_CONVERSION = YES;
				CLANG_WARN_OBJC_ROOT_CLASS = YES_ERROR;
				CLANG_WARN_RANGE_LOOP_ANALYSIS = YES;
				CLANG_WARN_STRICT_PROTOTYPES = YES;
				CLANG_WARN_SUSPICIOUS_MOVE = YES;
				CLANG_WARN_UNGUARDED_AVAILABILITY = YES_AGGRESSIVE;
				CLANG_WARN_UNREACHABLE_CODE = YES;
				CLANG_WARN__DUPLICATE_METHOD_MATCH = YES;
				CODE_SIGN_IDENTITY = "iPhone Developer";
				COPY_PHASE_STRIP = NO;
				DEBUG_INFORMATION_FORMAT = dwarf;
				ENABLE_STRICT_OBJC_MSGSEND = YES;
				ENABLE_TESTABILITY = YES;
				GCC_C_LANGUAGE_STANDARD = gnu11;
				GCC_DYNAMIC_NO_PIC = NO;
				GCC_NO_COMMON_BLOCKS = YES;
				GCC_OPTIMIZATION_LEVEL = 0;
				GCC_PREPROCESSOR_DEFINITIONS = (
					"DEBUG=1",
					"$(inherited)",
				);
				GCC_WARN_64_TO_32_BIT_CONVERSION = YES;
				GCC_WARN_ABOUT_RETURN_TYPE = YES_ERROR;
				GCC_WARN_UNDECLARED_SELECTOR = YES;
				GCC_WARN_UNINITIALIZED_AUTOS = YES_AGGRESSIVE;
				GCC_WARN_UNUSED_FUNCTION = YES;
				GCC_WARN_UNUSED_VARIABLE = YES;
				IPHONEOS_DEPLOYMENT_TARGET = 11.4;
				MTL_ENABLE_DEBUG_INFO = YES;
				ONLY_ACTIVE_ARCH = YES;
				SDKROOT = iphoneos;
				SWIFT_ACTIVE_COMPILATION_CONDITIONS = DEBUG;
				SWIFT_OPTIMIZATION_LEVEL = "-Onone";
			};
			name = Debug;
		};
		F09A7961214B265E0070CA93 /* Release */ = {
			isa = XCBuildConfiguration;
			buildSettings = {
				ALWAYS_SEARCH_USER_PATHS = NO;
				CLANG_ANALYZER_NONNULL = YES;
				CLANG_ANALYZER_NUMBER_OBJECT_CONVERSION = YES_AGGRESSIVE;
				CLANG_CXX_LANGUAGE_STANDARD = "gnu++14";
				CLANG_CXX_LIBRARY = "libc++";
				CLANG_ENABLE_MODULES = YES;
				CLANG_ENABLE_OBJC_ARC = YES;
				CLANG_ENABLE_OBJC_WEAK = YES;
				CLANG_WARN_BLOCK_CAPTURE_AUTORELEASING = YES;
				CLANG_WARN_BOOL_CONVERSION = YES;
				CLANG_WARN_COMMA = YES;
				CLANG_WARN_CONSTANT_CONVERSION = YES;
				CLANG_WARN_DEPRECATED_OBJC_IMPLEMENTATIONS = YES;
				CLANG_WARN_DIRECT_OBJC_ISA_USAGE = YES_ERROR;
				CLANG_WARN_DOCUMENTATION_COMMENTS = YES;
				CLANG_WARN_EMPTY_BODY = YES;
				CLANG_WARN_ENUM_CONVERSION = YES;
				CLANG_WARN_INFINITE_RECURSION = YES;
				CLANG_WARN_INT_CONVERSION = YES;
				CLANG_WARN_NON_LITERAL_NULL_CONVERSION = YES;
				CLANG_WARN_OBJC_IMPLICIT_RETAIN_SELF = YES;
				CLANG_WARN_OBJC_LITERAL_CONVERSION = YES;
				CLANG_WARN_OBJC_ROOT_CLASS = YES_ERROR;
				CLANG_WARN_RANGE_LOOP_ANALYSIS = YES;
				CLANG_WARN_STRICT_PROTOTYPES = YES;
				CLANG_WARN_SUSPICIOUS_MOVE = YES;
				CLANG_WARN_UNGUARDED_AVAILABILITY = YES_AGGRESSIVE;
				CLANG_WARN_UNREACHABLE_CODE = YES;
				CLANG_WARN__DUPLICATE_METHOD_MATCH = YES;
				CODE_SIGN_IDENTITY = "iPhone Developer";
				COPY_PHASE_STRIP = NO;
				DEBUG_INFORMATION_FORMAT = "dwarf-with-dsym";
				ENABLE_NS_ASSERTIONS = NO;
				ENABLE_STRICT_OBJC_MSGSEND = YES;
				GCC_C_LANGUAGE_STANDARD = gnu11;
				GCC_NO_COMMON_BLOCKS = YES;
				GCC_WARN_64_TO_32_BIT_CONVERSION = YES;
				GCC_WARN_ABOUT_RETURN_TYPE = YES_ERROR;
				GCC_WARN_UNDECLARED_SELECTOR = YES;
				GCC_WARN_UNINITIALIZED_AUTOS = YES_AGGRESSIVE;
				GCC_WARN_UNUSED_FUNCTION = YES;
				GCC_WARN_UNUSED_VARIABLE = YES;
				IPHONEOS_DEPLOYMENT_TARGET = 11.4;
				MTL_ENABLE_DEBUG_INFO = NO;
				SDKROOT = iphoneos;
				SWIFT_COMPILATION_MODE = wholemodule;
				SWIFT_OPTIMIZATION_LEVEL = "-O";
				VALIDATE_PRODUCT = YES;
			};
			name = Release;
		};
		F09A7963214B265E0070CA93 /* Debug */ = {
			isa = XCBuildConfiguration;
			baseConfigurationReference = 9FD3639087ACD85EA5A57C73 /* Pods-teatime-lists.debug.xcconfig */;
			buildSettings = {
				ASSETCATALOG_COMPILER_APPICON_NAME = AppIcon;
				CODE_SIGN_ENTITLEMENTS = "teatime-lists/teatime-lists.entitlements";
				CODE_SIGN_IDENTITY = "iPhone Developer";
				CODE_SIGN_STYLE = Manual;
				DEVELOPMENT_TEAM = 2JJCFWQJV6;
				INFOPLIST_FILE = "teatime-lists/Info.plist";
				IPHONEOS_DEPLOYMENT_TARGET = 11.0;
				LD_RUNPATH_SEARCH_PATHS = (
					"$(inherited)",
					"@executable_path/Frameworks",
				);
				PRODUCT_BUNDLE_IDENTIFIER = com.teatimelabs.lists;
				PRODUCT_NAME = "$(TARGET_NAME)";
				PROVISIONING_PROFILE_SPECIFIER = "Tea Time Lists - Development";
				SWIFT_VERSION = 4.0;
				TARGETED_DEVICE_FAMILY = 1;
			};
			name = Debug;
		};
		F09A7964214B265E0070CA93 /* Release */ = {
			isa = XCBuildConfiguration;
			baseConfigurationReference = 90A05B8076712DF5A5B08547 /* Pods-teatime-lists.release.xcconfig */;
			buildSettings = {
				ASSETCATALOG_COMPILER_APPICON_NAME = AppIcon;
				CODE_SIGN_ENTITLEMENTS = "teatime-lists/teatime-lists.entitlements";
				CODE_SIGN_IDENTITY = "iPhone Distribution";
				CODE_SIGN_STYLE = Manual;
				DEVELOPMENT_TEAM = 2JJCFWQJV6;
				INFOPLIST_FILE = "teatime-lists/Info.plist";
				IPHONEOS_DEPLOYMENT_TARGET = 11.0;
				LD_RUNPATH_SEARCH_PATHS = (
					"$(inherited)",
					"@executable_path/Frameworks",
				);
				PRODUCT_BUNDLE_IDENTIFIER = com.teatimelabs.lists;
				PRODUCT_NAME = "$(TARGET_NAME)";
				PROVISIONING_PROFILE_SPECIFIER = "Lists Distribution";
				SWIFT_VERSION = 4.0;
				TARGETED_DEVICE_FAMILY = 1;
			};
			name = Release;
		};
		F09A7966214B265E0070CA93 /* Debug */ = {
			isa = XCBuildConfiguration;
			baseConfigurationReference = 9904919206C84B7B2CA98FC6 /* Pods-teatime-listsTests.debug.xcconfig */;
			buildSettings = {
				ALWAYS_EMBED_SWIFT_STANDARD_LIBRARIES = YES;
				BUNDLE_LOADER = "$(TEST_HOST)";
				CODE_SIGN_STYLE = Automatic;
				DEVELOPMENT_TEAM = 2JJCFWQJV6;
				INFOPLIST_FILE = "teatime-listsTests/Info.plist";
				LD_RUNPATH_SEARCH_PATHS = (
					"$(inherited)",
					"@executable_path/Frameworks",
					"@loader_path/Frameworks",
				);
				PRODUCT_BUNDLE_IDENTIFIER = "com.teatimehq.teatime-listsTests";
				PRODUCT_NAME = "$(TARGET_NAME)";
				SWIFT_VERSION = 4.0;
				TARGETED_DEVICE_FAMILY = "1,2";
				TEST_HOST = "$(BUILT_PRODUCTS_DIR)/teatime-lists.app/teatime-lists";
			};
			name = Debug;
		};
		F09A7967214B265E0070CA93 /* Release */ = {
			isa = XCBuildConfiguration;
			baseConfigurationReference = B81D62ECF0DE3756B6369C7E /* Pods-teatime-listsTests.release.xcconfig */;
			buildSettings = {
				ALWAYS_EMBED_SWIFT_STANDARD_LIBRARIES = YES;
				BUNDLE_LOADER = "$(TEST_HOST)";
				CODE_SIGN_STYLE = Automatic;
				DEVELOPMENT_TEAM = 2JJCFWQJV6;
				INFOPLIST_FILE = "teatime-listsTests/Info.plist";
				LD_RUNPATH_SEARCH_PATHS = (
					"$(inherited)",
					"@executable_path/Frameworks",
					"@loader_path/Frameworks",
				);
				PRODUCT_BUNDLE_IDENTIFIER = "com.teatimehq.teatime-listsTests";
				PRODUCT_NAME = "$(TARGET_NAME)";
				SWIFT_VERSION = 4.0;
				TARGETED_DEVICE_FAMILY = "1,2";
				TEST_HOST = "$(BUILT_PRODUCTS_DIR)/teatime-lists.app/teatime-lists";
			};
			name = Release;
		};
/* End XCBuildConfiguration section */

/* Begin XCConfigurationList section */
		F09A7940214B265B0070CA93 /* Build configuration list for PBXProject "teatime-lists" */ = {
			isa = XCConfigurationList;
			buildConfigurations = (
				F09A7960214B265E0070CA93 /* Debug */,
				F09A7961214B265E0070CA93 /* Release */,
			);
			defaultConfigurationIsVisible = 0;
			defaultConfigurationName = Release;
		};
		F09A7962214B265E0070CA93 /* Build configuration list for PBXNativeTarget "teatime-lists" */ = {
			isa = XCConfigurationList;
			buildConfigurations = (
				F09A7963214B265E0070CA93 /* Debug */,
				F09A7964214B265E0070CA93 /* Release */,
			);
			defaultConfigurationIsVisible = 0;
			defaultConfigurationName = Release;
		};
		F09A7965214B265E0070CA93 /* Build configuration list for PBXNativeTarget "teatime-listsTests" */ = {
			isa = XCConfigurationList;
			buildConfigurations = (
				F09A7966214B265E0070CA93 /* Debug */,
				F09A7967214B265E0070CA93 /* Release */,
			);
			defaultConfigurationIsVisible = 0;
			defaultConfigurationName = Release;
		};
/* End XCConfigurationList section */
	};
	rootObject = F09A793D214B265B0070CA93 /* Project object */;
}
